// !$*UTF8*$!
{
	archiveVersion = 1;
	classes = {
	};
	objectVersion = 56;
	objects = {

/* Begin PBXBuildFile section */
		3D0E43682C38D29000E6623C /* strawberry_frosting_donut.png in Resources */ = {isa = PBXBuildFile; fileRef = 3D0E43612C38D29000E6623C /* strawberry_frosting_donut.png */; };
		3D0E43692C38D29000E6623C /* powdered_sugar_donut.png in Resources */ = {isa = PBXBuildFile; fileRef = 3D0E43622C38D29000E6623C /* powdered_sugar_donut.png */; };
		3D0E436A2C38D29000E6623C /* jelly_filled_donut.png in Resources */ = {isa = PBXBuildFile; fileRef = 3D0E43632C38D29000E6623C /* jelly_filled_donut.png */; };
		3D0E436B2C38D29000E6623C /* strawberryJam.png in Resources */ = {isa = PBXBuildFile; fileRef = 3D0E43642C38D29000E6623C /* strawberryJam.png */; };
		3D0E436C2C38D29000E6623C /* maple_glaze_donut.png in Resources */ = {isa = PBXBuildFile; fileRef = 3D0E43652C38D29000E6623C /* maple_glaze_donut.png */; };
		3D0E436D2C38D29000E6623C /* vanilla_frosting_donut.png in Resources */ = {isa = PBXBuildFile; fileRef = 3D0E43662C38D29000E6623C /* vanilla_frosting_donut.png */; };
		3D0E436E2C38D29000E6623C /* cinnamon_sugar_donut.png in Resources */ = {isa = PBXBuildFile; fileRef = 3D0E43672C38D29000E6623C /* cinnamon_sugar_donut.png */; };
		3D0E43742C38D99200E6623C /* choose.png in Resources */ = {isa = PBXBuildFile; fileRef = 3D0E43732C38D99100E6623C /* choose.png */; };
		3DB974112C388DD300FADB3B /* AppDelegate.swift in Sources */ = {isa = PBXBuildFile; fileRef = 3DB974102C388DD300FADB3B /* AppDelegate.swift */; };
		3DB974132C388DD300FADB3B /* SceneDelegate.swift in Sources */ = {isa = PBXBuildFile; fileRef = 3DB974122C388DD300FADB3B /* SceneDelegate.swift */; };
		3DB974152C388DD300FADB3B /* ViewController.swift in Sources */ = {isa = PBXBuildFile; fileRef = 3DB974142C388DD300FADB3B /* ViewController.swift */; };
		3DB974182C388DD300FADB3B /* Base in Resources */ = {isa = PBXBuildFile; fileRef = 3DB974172C388DD300FADB3B /* Base */; };
		3DB9741A2C388DD500FADB3B /* Assets.xcassets in Resources */ = {isa = PBXBuildFile; fileRef = 3DB974192C388DD500FADB3B /* Assets.xcassets */; };
		3DB9741D2C388DD500FADB3B /* Base in Resources */ = {isa = PBXBuildFile; fileRef = 3DB9741C2C388DD500FADB3B /* Base */; };
		3DB974272C388E5300FADB3B /* Items.swift in Sources */ = {isa = PBXBuildFile; fileRef = 3DB974262C388E5300FADB3B /* Items.swift */; };
/* End PBXBuildFile section */

/* Begin PBXFileReference section */
		3D0E43612C38D29000E6623C /* strawberry_frosting_donut.png */ = {isa = PBXFileReference; lastKnownFileType = image.png; path = strawberry_frosting_donut.png; sourceTree = "<group>"; };
		3D0E43622C38D29000E6623C /* powdered_sugar_donut.png */ = {isa = PBXFileReference; lastKnownFileType = image.png; path = powdered_sugar_donut.png; sourceTree = "<group>"; };
		3D0E43632C38D29000E6623C /* jelly_filled_donut.png */ = {isa = PBXFileReference; lastKnownFileType = image.png; path = jelly_filled_donut.png; sourceTree = "<group>"; };
		3D0E43642C38D29000E6623C /* strawberryJam.png */ = {isa = PBXFileReference; lastKnownFileType = image.png; path = strawberryJam.png; sourceTree = "<group>"; };
		3D0E43652C38D29000E6623C /* maple_glaze_donut.png */ = {isa = PBXFileReference; lastKnownFileType = image.png; path = maple_glaze_donut.png; sourceTree = "<group>"; };
		3D0E43662C38D29000E6623C /* vanilla_frosting_donut.png */ = {isa = PBXFileReference; lastKnownFileType = image.png; path = vanilla_frosting_donut.png; sourceTree = "<group>"; };
		3D0E43672C38D29000E6623C /* cinnamon_sugar_donut.png */ = {isa = PBXFileReference; lastKnownFileType = image.png; path = cinnamon_sugar_donut.png; sourceTree = "<group>"; };
		3D0E43732C38D99100E6623C /* choose.png */ = {isa = PBXFileReference; lastKnownFileType = image.png; path = choose.png; sourceTree = "<group>"; };
		3DB9740D2C388DD300FADB3B /* DessertOrder.app */ = {isa = PBXFileReference; explicitFileType = wrapper.application; includeInIndex = 0; path = DessertOrder.app; sourceTree = BUILT_PRODUCTS_DIR; };
		3DB974102C388DD300FADB3B /* AppDelegate.swift */ = {isa = PBXFileReference; lastKnownFileType = sourcecode.swift; path = AppDelegate.swift; sourceTree = "<group>"; };
		3DB974122C388DD300FADB3B /* SceneDelegate.swift */ = {isa = PBXFileReference; lastKnownFileType = sourcecode.swift; path = SceneDelegate.swift; sourceTree = "<group>"; };
		3DB974142C388DD300FADB3B /* ViewController.swift */ = {isa = PBXFileReference; lastKnownFileType = sourcecode.swift; path = ViewController.swift; sourceTree = "<group>"; };
		3DB974172C388DD300FADB3B /* Base */ = {isa = PBXFileReference; lastKnownFileType = file.storyboard; name = Base; path = Base.lproj/Main.storyboard; sourceTree = "<group>"; };
		3DB974192C388DD500FADB3B /* Assets.xcassets */ = {isa = PBXFileReference; lastKnownFileType = folder.assetcatalog; path = Assets.xcassets; sourceTree = "<group>"; };
		3DB9741C2C388DD500FADB3B /* Base */ = {isa = PBXFileReference; lastKnownFileType = file.storyboard; name = Base; path = Base.lproj/LaunchScreen.storyboard; sourceTree = "<group>"; };
		3DB9741E2C388DD500FADB3B /* Info.plist */ = {isa = PBXFileReference; lastKnownFileType = text.plist.xml; path = Info.plist; sourceTree = "<group>"; };
		3DB974262C388E5300FADB3B /* Items.swift */ = {isa = PBXFileReference; lastKnownFileType = sourcecode.swift; path = Items.swift; sourceTree = SOURCE_ROOT; };
/* End PBXFileReference section */

/* Begin PBXFrameworksBuildPhase section */
		3DB9740A2C388DD300FADB3B /* Frameworks */ = {
			isa = PBXFrameworksBuildPhase;
			buildActionMask = 2147483647;
			files = (
			);
			runOnlyForDeploymentPostprocessing = 0;
		};
/* End PBXFrameworksBuildPhase section */

/* Begin PBXGroup section */
		3DB3C5452C38CFF500264FCC /* Images */ = {
			isa = PBXGroup;
			children = (
				3D0E43732C38D99100E6623C /* choose.png */,
				3D0E43672C38D29000E6623C /* cinnamon_sugar_donut.png */,
				3D0E43632C38D29000E6623C /* jelly_filled_donut.png */,
				3D0E43652C38D29000E6623C /* maple_glaze_donut.png */,
				3D0E43622C38D29000E6623C /* powdered_sugar_donut.png */,
				3D0E43612C38D29000E6623C /* strawberry_frosting_donut.png */,
				3D0E43642C38D29000E6623C /* strawberryJam.png */,
				3D0E43662C38D29000E6623C /* vanilla_frosting_donut.png */,
			);
			path = Images;
			sourceTree = "<group>";
		};
		3DB974042C388DD300FADB3B = {
			isa = PBXGroup;
			children = (
				3DB9740F2C388DD300FADB3B /* DessertOrder */,
				3DB9740E2C388DD300FADB3B /* Products */,
			);
			sourceTree = "<group>";
		};
		3DB9740E2C388DD300FADB3B /* Products */ = {
			isa = PBXGroup;
			children = (
				3DB9740D2C388DD300FADB3B /* DessertOrder.app */,
			);
			name = Products;
			sourceTree = "<group>";
		};
		3DB9740F2C388DD300FADB3B /* DessertOrder */ = {
			isa = PBXGroup;
			children = (
				3DB974262C388E5300FADB3B /* Items.swift */,
				3DB974102C388DD300FADB3B /* AppDelegate.swift */,
				3DB974122C388DD300FADB3B /* SceneDelegate.swift */,
				3DB974142C388DD300FADB3B /* ViewController.swift */,
				3DB974162C388DD300FADB3B /* Main.storyboard */,
				3DB974192C388DD500FADB3B /* Assets.xcassets */,
				3DB3C5452C38CFF500264FCC /* Images */,
				3DB9741B2C388DD500FADB3B /* LaunchScreen.storyboard */,
				3DB9741E2C388DD500FADB3B /* Info.plist */,
			);
			path = DessertOrder;
			sourceTree = "<group>";
		};
/* End PBXGroup section */

/* Begin PBXNativeTarget section */
		3DB9740C2C388DD300FADB3B /* DessertOrder */ = {
			isa = PBXNativeTarget;
			buildConfigurationList = 3DB974212C388DD500FADB3B /* Build configuration list for PBXNativeTarget "DessertOrder" */;
			buildPhases = (
				3DB974092C388DD300FADB3B /* Sources */,
				3DB9740A2C388DD300FADB3B /* Frameworks */,
				3DB9740B2C388DD300FADB3B /* Resources */,
			);
			buildRules = (
			);
			dependencies = (
			);
			name = DessertOrder;
			productName = DessertOrder;
			productReference = 3DB9740D2C388DD300FADB3B /* DessertOrder.app */;
			productType = "com.apple.product-type.application";
		};
/* End PBXNativeTarget section */

/* Begin PBXProject section */
		3DB974052C388DD300FADB3B /* Project object */ = {
			isa = PBXProject;
			attributes = {
				BuildIndependentTargetsInParallel = 1;
				LastSwiftUpdateCheck = 1540;
				LastUpgradeCheck = 1540;
				TargetAttributes = {
					3DB9740C2C388DD300FADB3B = {
						CreatedOnToolsVersion = 15.4;
					};
				};
			};
			buildConfigurationList = 3DB974082C388DD300FADB3B /* Build configuration list for PBXProject "DessertOrder" */;
			compatibilityVersion = "Xcode 14.0";
			developmentRegion = en;
			hasScannedForEncodings = 0;
			knownRegions = (
				en,
				Base,
			);
			mainGroup = 3DB974042C388DD300FADB3B;
			productRefGroup = 3DB9740E2C388DD300FADB3B /* Products */;
			projectDirPath = "";
			projectRoot = "";
			targets = (
				3DB9740C2C388DD300FADB3B /* DessertOrder */,
			);
		};
/* End PBXProject section */

/* Begin PBXResourcesBuildPhase section */
		3DB9740B2C388DD300FADB3B /* Resources */ = {
			isa = PBXResourcesBuildPhase;
			buildActionMask = 2147483647;
			files = (
				3DB9741A2C388DD500FADB3B /* Assets.xcassets in Resources */,
				3D0E43682C38D29000E6623C /* strawberry_frosting_donut.png in Resources */,
				3D0E436C2C38D29000E6623C /* maple_glaze_donut.png in Resources */,
				3D0E43692C38D29000E6623C /* powdered_sugar_donut.png in Resources */,
				3D0E436A2C38D29000E6623C /* jelly_filled_donut.png in Resources */,
				3D0E436D2C38D29000E6623C /* vanilla_frosting_donut.png in Resources */,
				3D0E436E2C38D29000E6623C /* cinnamon_sugar_donut.png in Resources */,
				3DB9741D2C388DD500FADB3B /* Base in Resources */,
				3D0E436B2C38D29000E6623C /* strawberryJam.png in Resources */,
				3DB974182C388DD300FADB3B /* Base in Resources */,
				3D0E43742C38D99200E6623C /* choose.png in Resources */,
			);
			runOnlyForDeploymentPostprocessing = 0;
		};
/* End PBXResourcesBuildPhase section */

/* Begin PBXSourcesBuildPhase section */
		3DB974092C388DD300FADB3B /* Sources */ = {
			isa = PBXSourcesBuildPhase;
			buildActionMask = 2147483647;
			files = (
				3DB974272C388E5300FADB3B /* Items.swift in Sources */,
				3DB974152C388DD300FADB3B /* ViewController.swift in Sources */,
				3DB974112C388DD300FADB3B /* AppDelegate.swift in Sources */,
				3DB974132C388DD300FADB3B /* SceneDelegate.swift in Sources */,
			);
			runOnlyForDeploymentPostprocessing = 0;
		};
/* End PBXSourcesBuildPhase section */

/* Begin PBXVariantGroup section */
		3DB974162C388DD300FADB3B /* Main.storyboard */ = {
			isa = PBXVariantGroup;
			children = (
				3DB974172C388DD300FADB3B /* Base */,
			);
			name = Main.storyboard;
			sourceTree = "<group>";
		};
		3DB9741B2C388DD500FADB3B /* LaunchScreen.storyboard */ = {
			isa = PBXVariantGroup;
			children = (
				3DB9741C2C388DD500FADB3B /* Base */,
			);
			name = LaunchScreen.storyboard;
			sourceTree = "<group>";
		};
/* End PBXVariantGroup section */

/* Begin XCBuildConfiguration section */
		3DB9741F2C388DD500FADB3B /* Debug */ = {
			isa = XCBuildConfiguration;
			buildSettings = {
				ALWAYS_SEARCH_USER_PATHS = NO;
				ASSETCATALOG_COMPILER_GENERATE_SWIFT_ASSET_SYMBOL_EXTENSIONS = YES;
				CLANG_ANALYZER_NONNULL = YES;
				CLANG_ANALYZER_NUMBER_OBJECT_CONVERSION = YES_AGGRESSIVE;
				CLANG_CXX_LANGUAGE_STANDARD = "gnu++20";
				CLANG_ENABLE_MODULES = YES;
				CLANG_ENABLE_OBJC_ARC = YES;
				CLANG_ENABLE_OBJC_WEAK = YES;
				CLANG_WARN_BLOCK_CAPTURE_AUTORELEASING = YES;
				CLANG_WARN_BOOL_CONVERSION = YES;
				CLANG_WARN_COMMA = YES;
				CLANG_WARN_CONSTANT_CONVERSION = YES;
				CLANG_WARN_DEPRECATED_OBJC_IMPLEMENTATIONS = YES;
				CLANG_WARN_DIRECT_OBJC_ISA_USAGE = YES_ERROR;
				CLANG_WARN_DOCUMENTATION_COMMENTS = YES;
				CLANG_WARN_EMPTY_BODY = YES;
				CLANG_WARN_ENUM_CONVERSION = YES;
				CLANG_WARN_INFINITE_RECURSION = YES;
				CLANG_WARN_INT_CONVERSION = YES;
				CLANG_WARN_NON_LITERAL_NULL_CONVERSION = YES;
				CLANG_WARN_OBJC_IMPLICIT_RETAIN_SELF = YES;
				CLANG_WARN_OBJC_LITERAL_CONVERSION = YES;
				CLANG_WARN_OBJC_ROOT_CLASS = YES_ERROR;
				CLANG_WARN_QUOTED_INCLUDE_IN_FRAMEWORK_HEADER = YES;
				CLANG_WARN_RANGE_LOOP_ANALYSIS = YES;
				CLANG_WARN_STRICT_PROTOTYPES = YES;
				CLANG_WARN_SUSPICIOUS_MOVE = YES;
				CLANG_WARN_UNGUARDED_AVAILABILITY = YES_AGGRESSIVE;
				CLANG_WARN_UNREACHABLE_CODE = YES;
				CLANG_WARN__DUPLICATE_METHOD_MATCH = YES;
				COPY_PHASE_STRIP = NO;
				DEBUG_INFORMATION_FORMAT = dwarf;
				ENABLE_STRICT_OBJC_MSGSEND = YES;
				ENABLE_TESTABILITY = YES;
				ENABLE_USER_SCRIPT_SANDBOXING = YES;
				GCC_C_LANGUAGE_STANDARD = gnu17;
				GCC_DYNAMIC_NO_PIC = NO;
				GCC_NO_COMMON_BLOCKS = YES;
				GCC_OPTIMIZATION_LEVEL = 0;
				GCC_PREPROCESSOR_DEFINITIONS = (
					"DEBUG=1",
					"$(inherited)",
				);
				GCC_WARN_64_TO_32_BIT_CONVERSION = YES;
				GCC_WARN_ABOUT_RETURN_TYPE = YES_ERROR;
				GCC_WARN_UNDECLARED_SELECTOR = YES;
				GCC_WARN_UNINITIALIZED_AUTOS = YES_AGGRESSIVE;
				GCC_WARN_UNUSED_FUNCTION = YES;
				GCC_WARN_UNUSED_VARIABLE = YES;
				IPHONEOS_DEPLOYMENT_TARGET = 17.5;
				LOCALIZATION_PREFERS_STRING_CATALOGS = YES;
				MTL_ENABLE_DEBUG_INFO = INCLUDE_SOURCE;
				MTL_FAST_MATH = YES;
				ONLY_ACTIVE_ARCH = YES;
				SDKROOT = iphoneos;
				SWIFT_ACTIVE_COMPILATION_CONDITIONS = "DEBUG $(inherited)";
				SWIFT_OPTIMIZATION_LEVEL = "-Onone";
			};
			name = Debug;
		};
		3DB974202C388DD500FADB3B /* Release */ = {
			isa = XCBuildConfiguration;
			buildSettings = {
				ALWAYS_SEARCH_USER_PATHS = NO;
				ASSETCATALOG_COMPILER_GENERATE_SWIFT_ASSET_SYMBOL_EXTENSIONS = YES;
				CLANG_ANALYZER_NONNULL = YES;
				CLANG_ANALYZER_NUMBER_OBJECT_CONVERSION = YES_AGGRESSIVE;
				CLANG_CXX_LANGUAGE_STANDARD = "gnu++20";
				CLANG_ENABLE_MODULES = YES;
				CLANG_ENABLE_OBJC_ARC = YES;
				CLANG_ENABLE_OBJC_WEAK = YES;
				CLANG_WARN_BLOCK_CAPTURE_AUTORELEASING = YES;
				CLANG_WARN_BOOL_CONVERSION = YES;
				CLANG_WARN_COMMA = YES;
				CLANG_WARN_CONSTANT_CONVERSION = YES;
				CLANG_WARN_DEPRECATED_OBJC_IMPLEMENTATIONS = YES;
				CLANG_WARN_DIRECT_OBJC_ISA_USAGE = YES_ERROR;
				CLANG_WARN_DOCUMENTATION_COMMENTS = YES;
				CLANG_WARN_EMPTY_BODY = YES;
				CLANG_WARN_ENUM_CONVERSION = YES;
				CLANG_WARN_INFINITE_RECURSION = YES;
				CLANG_WARN_INT_CONVERSION = YES;
				CLANG_WARN_NON_LITERAL_NULL_CONVERSION = YES;
				CLANG_WARN_OBJC_IMPLICIT_RETAIN_SELF = YES;
				CLANG_WARN_OBJC_LITERAL_CONVERSION = YES;
				CLANG_WARN_OBJC_ROOT_CLASS = YES_ERROR;
				CLANG_WARN_QUOTED_INCLUDE_IN_FRAMEWORK_HEADER = YES;
				CLANG_WARN_RANGE_LOOP_ANALYSIS = YES;
				CLANG_WARN_STRICT_PROTOTYPES = YES;
				CLANG_WARN_SUSPICIOUS_MOVE = YES;
				CLANG_WARN_UNGUARDED_AVAILABILITY = YES_AGGRESSIVE;
				CLANG_WARN_UNREACHABLE_CODE = YES;
				CLANG_WARN__DUPLICATE_METHOD_MATCH = YES;
				COPY_PHASE_STRIP = NO;
				DEBUG_INFORMATION_FORMAT = "dwarf-with-dsym";
				ENABLE_NS_ASSERTIONS = NO;
				ENABLE_STRICT_OBJC_MSGSEND = YES;
				ENABLE_USER_SCRIPT_SANDBOXING = YES;
				GCC_C_LANGUAGE_STANDARD = gnu17;
				GCC_NO_COMMON_BLOCKS = YES;
				GCC_WARN_64_TO_32_BIT_CONVERSION = YES;
				GCC_WARN_ABOUT_RETURN_TYPE = YES_ERROR;
				GCC_WARN_UNDECLARED_SELECTOR = YES;
				GCC_WARN_UNINITIALIZED_AUTOS = YES_AGGRESSIVE;
				GCC_WARN_UNUSED_FUNCTION = YES;
				GCC_WARN_UNUSED_VARIABLE = YES;
				IPHONEOS_DEPLOYMENT_TARGET = 17.5;
				LOCALIZATION_PREFERS_STRING_CATALOGS = YES;
				MTL_ENABLE_DEBUG_INFO = NO;
				MTL_FAST_MATH = YES;
				SDKROOT = iphoneos;
				SWIFT_COMPILATION_MODE = wholemodule;
				VALIDATE_PRODUCT = YES;
			};
			name = Release;
		};
		3DB974222C388DD500FADB3B /* Debug */ = {
			isa = XCBuildConfiguration;
			buildSettings = {
				ASSETCATALOG_COMPILER_APPICON_NAME = AppIcon;
				ASSETCATALOG_COMPILER_GLOBAL_ACCENT_COLOR_NAME = AccentColor;
				CODE_SIGN_STYLE = Automatic;
				CURRENT_PROJECT_VERSION = 1;
				GENERATE_INFOPLIST_FILE = YES;
				INFOPLIST_FILE = DessertOrder/Info.plist;
				INFOPLIST_KEY_UIApplicationSupportsIndirectInputEvents = YES;
				INFOPLIST_KEY_UILaunchStoryboardName = LaunchScreen;
				INFOPLIST_KEY_UIMainStoryboardFile = Main;
				INFOPLIST_KEY_UISupportedInterfaceOrientations_iPad = "UIInterfaceOrientationPortrait UIInterfaceOrientationPortraitUpsideDown UIInterfaceOrientationLandscapeLeft UIInterfaceOrientationLandscapeRight";
				INFOPLIST_KEY_UISupportedInterfaceOrientations_iPhone = "UIInterfaceOrientationPortrait UIInterfaceOrientationLandscapeLeft UIInterfaceOrientationLandscapeRight";
				LD_RUNPATH_SEARCH_PATHS = (
					"$(inherited)",
					"@executable_path/Frameworks",
				);
				MARKETING_VERSION = 1.0;
				PRODUCT_BUNDLE_IDENTIFIER = ca.senecacollege.Project.DessertOrder;
				PRODUCT_NAME = "$(TARGET_NAME)";
				SWIFT_EMIT_LOC_STRINGS = YES;
				SWIFT_VERSION = 5.0;
				TARGETED_DEVICE_FAMILY = "1,2";
			};
			name = Debug;
		};
		3DB974232C388DD500FADB3B /* Release */ = {
			isa = XCBuildConfiguration;
			buildSettings = {
				ASSETCATALOG_COMPILER_APPICON_NAME = AppIcon;
				ASSETCATALOG_COMPILER_GLOBAL_ACCENT_COLOR_NAME = AccentColor;
				CODE_SIGN_STYLE = Automatic;
				CURRENT_PROJECT_VERSION = 1;
				GENERATE_INFOPLIST_FILE = YES;
				INFOPLIST_FILE = DessertOrder/Info.plist;
				INFOPLIST_KEY_UIApplicationSupportsIndirectInputEvents = YES;
				INFOPLIST_KEY_UILaunchStoryboardName = LaunchScreen;
				INFOPLIST_KEY_UIMainStoryboardFile = Main;
				INFOPLIST_KEY_UISupportedInterfaceOrientations_iPad = "UIInterfaceOrientationPortrait UIInterfaceOrientationPortraitUpsideDown UIInterfaceOrientationLandscapeLeft UIInterfaceOrientationLandscapeRight";
				INFOPLIST_KEY_UISupportedInterfaceOrientations_iPhone = "UIInterfaceOrientationPortrait UIInterfaceOrientationLandscapeLeft UIInterfaceOrientationLandscapeRight";
				LD_RUNPATH_SEARCH_PATHS = (
					"$(inherited)",
					"@executable_path/Frameworks",
				);
				MARKETING_VERSION = 1.0;
				PRODUCT_BUNDLE_IDENTIFIER = ca.senecacollege.Project.DessertOrder;
				PRODUCT_NAME = "$(TARGET_NAME)";
				SWIFT_EMIT_LOC_STRINGS = YES;
				SWIFT_VERSION = 5.0;
				TARGETED_DEVICE_FAMILY = "1,2";
			};
			name = Release;
		};
/* End XCBuildConfiguration section */

/* Begin XCConfigurationList section */
		3DB974082C388DD300FADB3B /* Build configuration list for PBXProject "DessertOrder" */ = {
			isa = XCConfigurationList;
			buildConfigurations = (
				3DB9741F2C388DD500FADB3B /* Debug */,
				3DB974202C388DD500FADB3B /* Release */,
			);
			defaultConfigurationIsVisible = 0;
			defaultConfigurationName = Release;
		};
		3DB974212C388DD500FADB3B /* Build configuration list for PBXNativeTarget "DessertOrder" */ = {
			isa = XCConfigurationList;
			buildConfigurations = (
				3DB974222C388DD500FADB3B /* Debug */,
				3DB974232C388DD500FADB3B /* Release */,
			);
			defaultConfigurationIsVisible = 0;
			defaultConfigurationName = Release;
		};
/* End XCConfigurationList section */
	};
	rootObject = 3DB974052C388DD300FADB3B /* Project object */;
}
