// !$*UTF8*$!
{
	archiveVersion = 1;
	classes = {
	};
	objectVersion = 56;
	objects = {

/* Begin PBXBuildFile section */
		3D276D6D2C7030B6008AE256 /* AppDelegate.swift in Sources */ = {isa = PBXBuildFile; fileRef = 3D276D6C2C7030B6008AE256 /* AppDelegate.swift */; };
		3D276D6F2C7030B6008AE256 /* SceneDelegate.swift in Sources */ = {isa = PBXBuildFile; fileRef = 3D276D6E2C7030B6008AE256 /* SceneDelegate.swift */; };
		3D276D712C7030B6008AE256 /* ViewController.swift in Sources */ = {isa = PBXBuildFile; fileRef = 3D276D702C7030B6008AE256 /* ViewController.swift */; };
		3D276D742C7030B6008AE256 /* Base in Resources */ = {isa = PBXBuildFile; fileRef = 3D276D732C7030B6008AE256 /* Base */; };
		3D276D772C7030B6008AE256 /* StockApp.xcdatamodeld in Sources */ = {isa = PBXBuildFile; fileRef = 3D276D752C7030B6008AE256 /* StockApp.xcdatamodeld */; };
		3D276D792C7030B8008AE256 /* Assets.xcassets in Resources */ = {isa = PBXBuildFile; fileRef = 3D276D782C7030B8008AE256 /* Assets.xcassets */; };
		3D276D7C2C7030B8008AE256 /* Base in Resources */ = {isa = PBXBuildFile; fileRef = 3D276D7B2C7030B8008AE256 /* Base */; };
		3D276D892C703199008AE256 /* config.plist in Resources */ = {isa = PBXBuildFile; fileRef = 3D276D882C703199008AE256 /* config.plist */; };
		3D276D8B2C70325A008AE256 /* NetworkManager.swift in Sources */ = {isa = PBXBuildFile; fileRef = 3D276D8A2C70325A008AE256 /* NetworkManager.swift */; };
		3D276D8D2C7032A4008AE256 /* StockData.swift in Sources */ = {isa = PBXBuildFile; fileRef = 3D276D8C2C7032A4008AE256 /* StockData.swift */; };
		3D94F1962C70533800C2553F /* SearchResultCell.swift in Sources */ = {isa = PBXBuildFile; fileRef = 3D94F1952C70533800C2553F /* SearchResultCell.swift */; };
		3DD914292C70406C0012B102 /* StockCell.swift in Sources */ = {isa = PBXBuildFile; fileRef = 3DD914282C70406C0012B102 /* StockCell.swift */; };
		3DD9142B2C7042D10012B102 /* SearchViewController.swift in Sources */ = {isa = PBXBuildFile; fileRef = 3DD9142A2C7042D10012B102 /* SearchViewController.swift */; };
/* End PBXBuildFile section */

/* Begin PBXFileReference section */
		3D276D692C7030B6008AE256 /* StockApp.app */ = {isa = PBXFileReference; explicitFileType = wrapper.application; includeInIndex = 0; path = StockApp.app; sourceTree = BUILT_PRODUCTS_DIR; };
		3D276D6C2C7030B6008AE256 /* AppDelegate.swift */ = {isa = PBXFileReference; lastKnownFileType = sourcecode.swift; path = AppDelegate.swift; sourceTree = "<group>"; };
		3D276D6E2C7030B6008AE256 /* SceneDelegate.swift */ = {isa = PBXFileReference; lastKnownFileType = sourcecode.swift; path = SceneDelegate.swift; sourceTree = "<group>"; };
		3D276D702C7030B6008AE256 /* ViewController.swift */ = {isa = PBXFileReference; lastKnownFileType = sourcecode.swift; path = ViewController.swift; sourceTree = "<group>"; };
		3D276D732C7030B6008AE256 /* Base */ = {isa = PBXFileReference; lastKnownFileType = file.storyboard; name = Base; path = Base.lproj/Main.storyboard; sourceTree = "<group>"; };
		3D276D762C7030B6008AE256 /* StockApp.xcdatamodel */ = {isa = PBXFileReference; lastKnownFileType = wrapper.xcdatamodel; path = StockApp.xcdatamodel; sourceTree = "<group>"; };
		3D276D782C7030B8008AE256 /* Assets.xcassets */ = {isa = PBXFileReference; lastKnownFileType = folder.assetcatalog; path = Assets.xcassets; sourceTree = "<group>"; };
		3D276D7B2C7030B8008AE256 /* Base */ = {isa = PBXFileReference; lastKnownFileType = file.storyboard; name = Base; path = Base.lproj/LaunchScreen.storyboard; sourceTree = "<group>"; };
		3D276D7D2C7030B8008AE256 /* Info.plist */ = {isa = PBXFileReference; lastKnownFileType = text.plist.xml; path = Info.plist; sourceTree = "<group>"; };
		3D276D882C703199008AE256 /* config.plist */ = {isa = PBXFileReference; lastKnownFileType = text.plist.xml; path = config.plist; sourceTree = "<group>"; };
		3D276D8A2C70325A008AE256 /* NetworkManager.swift */ = {isa = PBXFileReference; lastKnownFileType = sourcecode.swift; path = NetworkManager.swift; sourceTree = "<group>"; };
		3D276D8C2C7032A4008AE256 /* StockData.swift */ = {isa = PBXFileReference; lastKnownFileType = sourcecode.swift; path = StockData.swift; sourceTree = "<group>"; };
		3D94F1952C70533800C2553F /* SearchResultCell.swift */ = {isa = PBXFileReference; lastKnownFileType = sourcecode.swift; path = SearchResultCell.swift; sourceTree = "<group>"; };
		3DD914282C70406C0012B102 /* StockCell.swift */ = {isa = PBXFileReference; lastKnownFileType = sourcecode.swift; path = StockCell.swift; sourceTree = "<group>"; };
		3DD9142A2C7042D10012B102 /* SearchViewController.swift */ = {isa = PBXFileReference; lastKnownFileType = sourcecode.swift; path = SearchViewController.swift; sourceTree = "<group>"; };
/* End PBXFileReference section */

/* Begin PBXFrameworksBuildPhase section */
		3D276D662C7030B6008AE256 /* Frameworks */ = {
			isa = PBXFrameworksBuildPhase;
			buildActionMask = 2147483647;
			files = (
			);
			runOnlyForDeploymentPostprocessing = 0;
		};
/* End PBXFrameworksBuildPhase section */

/* Begin PBXGroup section */
		3D276D602C7030B6008AE256 = {
			isa = PBXGroup;
			children = (
				3D276D6B2C7030B6008AE256 /* StockApp */,
				3D276D6A2C7030B6008AE256 /* Products */,
			);
			sourceTree = "<group>";
		};
		3D276D6A2C7030B6008AE256 /* Products */ = {
			isa = PBXGroup;
			children = (
				3D276D692C7030B6008AE256 /* StockApp.app */,
			);
			name = Products;
			sourceTree = "<group>";
		};
		3D276D6B2C7030B6008AE256 /* StockApp */ = {
			isa = PBXGroup;
			children = (
				3D276D882C703199008AE256 /* config.plist */,
				3D276D6C2C7030B6008AE256 /* AppDelegate.swift */,
				3D276D6E2C7030B6008AE256 /* SceneDelegate.swift */,
				3D276D702C7030B6008AE256 /* ViewController.swift */,
				3D276D722C7030B6008AE256 /* Main.storyboard */,
				3D276D782C7030B8008AE256 /* Assets.xcassets */,
				3D276D7A2C7030B8008AE256 /* LaunchScreen.storyboard */,
				3D276D7D2C7030B8008AE256 /* Info.plist */,
				3D276D752C7030B6008AE256 /* StockApp.xcdatamodeld */,
				3D276D8A2C70325A008AE256 /* NetworkManager.swift */,
				3D276D8C2C7032A4008AE256 /* StockData.swift */,
				3DD914282C70406C0012B102 /* StockCell.swift */,
				3DD9142A2C7042D10012B102 /* SearchViewController.swift */,
				3D94F1952C70533800C2553F /* SearchResultCell.swift */,
			);
			path = StockApp;
			sourceTree = "<group>";
		};
/* End PBXGroup section */

/* Begin PBXNativeTarget section */
		3D276D682C7030B6008AE256 /* StockApp */ = {
			isa = PBXNativeTarget;
			buildConfigurationList = 3D276D802C7030B8008AE256 /* Build configuration list for PBXNativeTarget "StockApp" */;
			buildPhases = (
				3D276D652C7030B6008AE256 /* Sources */,
				3D276D662C7030B6008AE256 /* Frameworks */,
				3D276D672C7030B6008AE256 /* Resources */,
			);
			buildRules = (
			);
			dependencies = (
			);
			name = StockApp;
			packageProductDependencies = (
			);
			productName = StockApp;
			productReference = 3D276D692C7030B6008AE256 /* StockApp.app */;
			productType = "com.apple.product-type.application";
		};
/* End PBXNativeTarget section */

/* Begin PBXProject section */
		3D276D612C7030B6008AE256 /* Project object */ = {
			isa = PBXProject;
			attributes = {
				BuildIndependentTargetsInParallel = 1;
				LastSwiftUpdateCheck = 1540;
				LastUpgradeCheck = 1540;
				TargetAttributes = {
					3D276D682C7030B6008AE256 = {
						CreatedOnToolsVersion = 15.4;
					};
				};
			};
			buildConfigurationList = 3D276D642C7030B6008AE256 /* Build configuration list for PBXProject "StockApp" */;
			compatibilityVersion = "Xcode 14.0";
			developmentRegion = en;
			hasScannedForEncodings = 0;
			knownRegions = (
				en,
				Base,
			);
			mainGroup = 3D276D602C7030B6008AE256;
			packageReferences = (
			);
			productRefGroup = 3D276D6A2C7030B6008AE256 /* Products */;
			projectDirPath = "";
			projectRoot = "";
			targets = (
				3D276D682C7030B6008AE256 /* StockApp */,
			);
		};
/* End PBXProject section */

/* Begin PBXResourcesBuildPhase section */
		3D276D672C7030B6008AE256 /* Resources */ = {
			isa = PBXResourcesBuildPhase;
			buildActionMask = 2147483647;
			files = (
				3D276D892C703199008AE256 /* config.plist in Resources */,
				3D276D792C7030B8008AE256 /* Assets.xcassets in Resources */,
				3D276D7C2C7030B8008AE256 /* Base in Resources */,
				3D276D742C7030B6008AE256 /* Base in Resources */,
			);
			runOnlyForDeploymentPostprocessing = 0;
		};
/* End PBXResourcesBuildPhase section */

/* Begin PBXSourcesBuildPhase section */
		3D276D652C7030B6008AE256 /* Sources */ = {
			isa = PBXSourcesBuildPhase;
			buildActionMask = 2147483647;
			files = (
				3D276D712C7030B6008AE256 /* ViewController.swift in Sources */,
				3D276D6D2C7030B6008AE256 /* AppDelegate.swift in Sources */,
				3DD9142B2C7042D10012B102 /* SearchViewController.swift in Sources */,
				3DD914292C70406C0012B102 /* StockCell.swift in Sources */,
				3D276D8D2C7032A4008AE256 /* StockData.swift in Sources */,
				3D276D8B2C70325A008AE256 /* NetworkManager.swift in Sources */,
				3D276D772C7030B6008AE256 /* StockApp.xcdatamodeld in Sources */,
				3D94F1962C70533800C2553F /* SearchResultCell.swift in Sources */,
				3D276D6F2C7030B6008AE256 /* SceneDelegate.swift in Sources */,
			);
			runOnlyForDeploymentPostprocessing = 0;
		};
/* End PBXSourcesBuildPhase section */

/* Begin PBXVariantGroup section */
		3D276D722C7030B6008AE256 /* Main.storyboard */ = {
			isa = PBXVariantGroup;
			children = (
				3D276D732C7030B6008AE256 /* Base */,
			);
			name = Main.storyboard;
			sourceTree = "<group>";
		};
		3D276D7A2C7030B8008AE256 /* LaunchScreen.storyboard */ = {
			isa = PBXVariantGroup;
			children = (
				3D276D7B2C7030B8008AE256 /* Base */,
			);
			name = LaunchScreen.storyboard;
			sourceTree = "<group>";
		};
/* End PBXVariantGroup section */

/* Begin XCBuildConfiguration section */
		3D276D7E2C7030B8008AE256 /* Debug */ = {
			isa = XCBuildConfiguration;
			buildSettings = {
				ALWAYS_SEARCH_USER_PATHS = NO;
				ASSETCATALOG_COMPILER_GENERATE_SWIFT_ASSET_SYMBOL_EXTENSIONS = YES;
				CLANG_ANALYZER_NONNULL = YES;
				CLANG_ANALYZER_NUMBER_OBJECT_CONVERSION = YES_AGGRESSIVE;
				CLANG_CXX_LANGUAGE_STANDARD = "gnu++20";
				CLANG_ENABLE_MODULES = YES;
				CLANG_ENABLE_OBJC_ARC = YES;
				CLANG_ENABLE_OBJC_WEAK = YES;
				CLANG_WARN_BLOCK_CAPTURE_AUTORELEASING = YES;
				CLANG_WARN_BOOL_CONVERSION = YES;
				CLANG_WARN_COMMA = YES;
				CLANG_WARN_CONSTANT_CONVERSION = YES;
				CLANG_WARN_DEPRECATED_OBJC_IMPLEMENTATIONS = YES;
				CLANG_WARN_DIRECT_OBJC_ISA_USAGE = YES_ERROR;
				CLANG_WARN_DOCUMENTATION_COMMENTS = YES;
				CLANG_WARN_EMPTY_BODY = YES;
				CLANG_WARN_ENUM_CONVERSION = YES;
				CLANG_WARN_INFINITE_RECURSION = YES;
				CLANG_WARN_INT_CONVERSION = YES;
				CLANG_WARN_NON_LITERAL_NULL_CONVERSION = YES;
				CLANG_WARN_OBJC_IMPLICIT_RETAIN_SELF = YES;
				CLANG_WARN_OBJC_LITERAL_CONVERSION = YES;
				CLANG_WARN_OBJC_ROOT_CLASS = YES_ERROR;
				CLANG_WARN_QUOTED_INCLUDE_IN_FRAMEWORK_HEADER = YES;
				CLANG_WARN_RANGE_LOOP_ANALYSIS = YES;
				CLANG_WARN_STRICT_PROTOTYPES = YES;
				CLANG_WARN_SUSPICIOUS_MOVE = YES;
				CLANG_WARN_UNGUARDED_AVAILABILITY = YES_AGGRESSIVE;
				CLANG_WARN_UNREACHABLE_CODE = YES;
				CLANG_WARN__DUPLICATE_METHOD_MATCH = YES;
				COPY_PHASE_STRIP = NO;
				DEBUG_INFORMATION_FORMAT = dwarf;
				ENABLE_STRICT_OBJC_MSGSEND = YES;
				ENABLE_TESTABILITY = YES;
				ENABLE_USER_SCRIPT_SANDBOXING = YES;
				GCC_C_LANGUAGE_STANDARD = gnu17;
				GCC_DYNAMIC_NO_PIC = NO;
				GCC_NO_COMMON_BLOCKS = YES;
				GCC_OPTIMIZATION_LEVEL = 0;
				GCC_PREPROCESSOR_DEFINITIONS = (
					"DEBUG=1",
					"$(inherited)",
				);
				GCC_WARN_64_TO_32_BIT_CONVERSION = YES;
				GCC_WARN_ABOUT_RETURN_TYPE = YES_ERROR;
				GCC_WARN_UNDECLARED_SELECTOR = YES;
				GCC_WARN_UNINITIALIZED_AUTOS = YES_AGGRESSIVE;
				GCC_WARN_UNUSED_FUNCTION = YES;
				GCC_WARN_UNUSED_VARIABLE = YES;
				IPHONEOS_DEPLOYMENT_TARGET = 17.5;
				LOCALIZATION_PREFERS_STRING_CATALOGS = YES;
				MTL_ENABLE_DEBUG_INFO = INCLUDE_SOURCE;
				MTL_FAST_MATH = YES;
				ONLY_ACTIVE_ARCH = YES;
				SDKROOT = iphoneos;
				SWIFT_ACTIVE_COMPILATION_CONDITIONS = "DEBUG $(inherited)";
				SWIFT_OPTIMIZATION_LEVEL = "-Onone";
			};
			name = Debug;
		};
		3D276D7F2C7030B8008AE256 /* Release */ = {
			isa = XCBuildConfiguration;
			buildSettings = {
				ALWAYS_SEARCH_USER_PATHS = NO;
				ASSETCATALOG_COMPILER_GENERATE_SWIFT_ASSET_SYMBOL_EXTENSIONS = YES;
				CLANG_ANALYZER_NONNULL = YES;
				CLANG_ANALYZER_NUMBER_OBJECT_CONVERSION = YES_AGGRESSIVE;
				CLANG_CXX_LANGUAGE_STANDARD = "gnu++20";
				CLANG_ENABLE_MODULES = YES;
				CLANG_ENABLE_OBJC_ARC = YES;
				CLANG_ENABLE_OBJC_WEAK = YES;
				CLANG_WARN_BLOCK_CAPTURE_AUTORELEASING = YES;
				CLANG_WARN_BOOL_CONVERSION = YES;
				CLANG_WARN_COMMA = YES;
				CLANG_WARN_CONSTANT_CONVERSION = YES;
				CLANG_WARN_DEPRECATED_OBJC_IMPLEMENTATIONS = YES;
				CLANG_WARN_DIRECT_OBJC_ISA_USAGE = YES_ERROR;
				CLANG_WARN_DOCUMENTATION_COMMENTS = YES;
				CLANG_WARN_EMPTY_BODY = YES;
				CLANG_WARN_ENUM_CONVERSION = YES;
				CLANG_WARN_INFINITE_RECURSION = YES;
				CLANG_WARN_INT_CONVERSION = YES;
				CLANG_WARN_NON_LITERAL_NULL_CONVERSION = YES;
				CLANG_WARN_OBJC_IMPLICIT_RETAIN_SELF = YES;
				CLANG_WARN_OBJC_LITERAL_CONVERSION = YES;
				CLANG_WARN_OBJC_ROOT_CLASS = YES_ERROR;
				CLANG_WARN_QUOTED_INCLUDE_IN_FRAMEWORK_HEADER = YES;
				CLANG_WARN_RANGE_LOOP_ANALYSIS = YES;
				CLANG_WARN_STRICT_PROTOTYPES = YES;
				CLANG_WARN_SUSPICIOUS_MOVE = YES;
				CLANG_WARN_UNGUARDED_AVAILABILITY = YES_AGGRESSIVE;
				CLANG_WARN_UNREACHABLE_CODE = YES;
				CLANG_WARN__DUPLICATE_METHOD_MATCH = YES;
				COPY_PHASE_STRIP = NO;
				DEBUG_INFORMATION_FORMAT = "dwarf-with-dsym";
				ENABLE_NS_ASSERTIONS = NO;
				ENABLE_STRICT_OBJC_MSGSEND = YES;
				ENABLE_USER_SCRIPT_SANDBOXING = YES;
				GCC_C_LANGUAGE_STANDARD = gnu17;
				GCC_NO_COMMON_BLOCKS = YES;
				GCC_WARN_64_TO_32_BIT_CONVERSION = YES;
				GCC_WARN_ABOUT_RETURN_TYPE = YES_ERROR;
				GCC_WARN_UNDECLARED_SELECTOR = YES;
				GCC_WARN_UNINITIALIZED_AUTOS = YES_AGGRESSIVE;
				GCC_WARN_UNUSED_FUNCTION = YES;
				GCC_WARN_UNUSED_VARIABLE = YES;
				IPHONEOS_DEPLOYMENT_TARGET = 17.5;
				LOCALIZATION_PREFERS_STRING_CATALOGS = YES;
				MTL_ENABLE_DEBUG_INFO = NO;
				MTL_FAST_MATH = YES;
				SDKROOT = iphoneos;
				SWIFT_COMPILATION_MODE = wholemodule;
				VALIDATE_PRODUCT = YES;
			};
			name = Release;
		};
		3D276D812C7030B8008AE256 /* Debug */ = {
			isa = XCBuildConfiguration;
			buildSettings = {
				ASSETCATALOG_COMPILER_APPICON_NAME = AppIcon;
				ASSETCATALOG_COMPILER_GLOBAL_ACCENT_COLOR_NAME = AccentColor;
				CODE_SIGN_STYLE = Automatic;
				CURRENT_PROJECT_VERSION = 1;
				GENERATE_INFOPLIST_FILE = YES;
				INFOPLIST_FILE = StockApp/Info.plist;
				INFOPLIST_KEY_UIApplicationSupportsIndirectInputEvents = YES;
				INFOPLIST_KEY_UILaunchStoryboardName = LaunchScreen;
				INFOPLIST_KEY_UIMainStoryboardFile = Main;
				INFOPLIST_KEY_UISupportedInterfaceOrientations_iPad = "UIInterfaceOrientationPortrait UIInterfaceOrientationPortraitUpsideDown UIInterfaceOrientationLandscapeLeft UIInterfaceOrientationLandscapeRight";
				INFOPLIST_KEY_UISupportedInterfaceOrientations_iPhone = "UIInterfaceOrientationPortrait UIInterfaceOrientationLandscapeLeft UIInterfaceOrientationLandscapeRight";
				LD_RUNPATH_SEARCH_PATHS = (
					"$(inherited)",
					"@executable_path/Frameworks",
				);
				MARKETING_VERSION = 1.0;
				PRODUCT_BUNDLE_IDENTIFIER = ca.senecacollege.Project.StockApp;
				PRODUCT_NAME = "$(TARGET_NAME)";
				SWIFT_EMIT_LOC_STRINGS = YES;
				SWIFT_VERSION = 5.0;
				TARGETED_DEVICE_FAMILY = "1,2";
			};
			name = Debug;
		};
		3D276D822C7030B8008AE256 /* Release */ = {
			isa = XCBuildConfiguration;
			buildSettings = {
				ASSETCATALOG_COMPILER_APPICON_NAME = AppIcon;
				ASSETCATALOG_COMPILER_GLOBAL_ACCENT_COLOR_NAME = AccentColor;
				CODE_SIGN_STYLE = Automatic;
				CURRENT_PROJECT_VERSION = 1;
				GENERATE_INFOPLIST_FILE = YES;
				INFOPLIST_FILE = StockApp/Info.plist;
				INFOPLIST_KEY_UIApplicationSupportsIndirectInputEvents = YES;
				INFOPLIST_KEY_UILaunchStoryboardName = LaunchScreen;
				INFOPLIST_KEY_UIMainStoryboardFile = Main;
				INFOPLIST_KEY_UISupportedInterfaceOrientations_iPad = "UIInterfaceOrientationPortrait UIInterfaceOrientationPortraitUpsideDown UIInterfaceOrientationLandscapeLeft UIInterfaceOrientationLandscapeRight";
				INFOPLIST_KEY_UISupportedInterfaceOrientations_iPhone = "UIInterfaceOrientationPortrait UIInterfaceOrientationLandscapeLeft UIInterfaceOrientationLandscapeRight";
				LD_RUNPATH_SEARCH_PATHS = (
					"$(inherited)",
					"@executable_path/Frameworks",
				);
				MARKETING_VERSION = 1.0;
				PRODUCT_BUNDLE_IDENTIFIER = ca.senecacollege.Project.StockApp;
				PRODUCT_NAME = "$(TARGET_NAME)";
				SWIFT_EMIT_LOC_STRINGS = YES;
				SWIFT_VERSION = 5.0;
				TARGETED_DEVICE_FAMILY = "1,2";
			};
			name = Release;
		};
/* End XCBuildConfiguration section */

/* Begin XCConfigurationList section */
		3D276D642C7030B6008AE256 /* Build configuration list for PBXProject "StockApp" */ = {
			isa = XCConfigurationList;
			buildConfigurations = (
				3D276D7E2C7030B8008AE256 /* Debug */,
				3D276D7F2C7030B8008AE256 /* Release */,
			);
			defaultConfigurationIsVisible = 0;
			defaultConfigurationName = Release;
		};
		3D276D802C7030B8008AE256 /* Build configuration list for PBXNativeTarget "StockApp" */ = {
			isa = XCConfigurationList;
			buildConfigurations = (
				3D276D812C7030B8008AE256 /* Debug */,
				3D276D822C7030B8008AE256 /* Release */,
			);
			defaultConfigurationIsVisible = 0;
			defaultConfigurationName = Release;
		};
/* End XCConfigurationList section */

/* Begin XCVersionGroup section */
		3D276D752C7030B6008AE256 /* StockApp.xcdatamodeld */ = {
			isa = XCVersionGroup;
			children = (
				3D276D762C7030B6008AE256 /* StockApp.xcdatamodel */,
			);
			currentVersion = 3D276D762C7030B6008AE256 /* StockApp.xcdatamodel */;
			path = StockApp.xcdatamodeld;
			sourceTree = "<group>";
			versionGroupType = wrapper.xcdatamodel;
		};
/* End XCVersionGroup section */
	};
	rootObject = 3D276D612C7030B6008AE256 /* Project object */;
}
